
Microsoft Visual Studio Solution File, Format Version 12.00
# Visual Studio 14
VisualStudioVersion = 14.0.25123.0
MinimumVisualStudioVersion = 10.0.40219.1
Project("{FAE04EC0-301F-11D3-BF4B-00C04F79EFBC}") = "Common", "Common\Common.csproj", "{7FE3DB48-6952-4C56-9526-6B204A5D0E32}"
EndProject
Project("{2150E333-8FDC-42A3-9474-1A3956D46DE8}") = "01-Basic Queue", "01-Basic Queue", "{9B0460AD-3C98-44F1-8A07-F78E322C8704}"
EndProject
Project("{FAE04EC0-301F-11D3-BF4B-00C04F79EFBC}") = "BasicQueue", "BasicQueue\BasicQueue.csproj", "{86F4BF42-0303-4D71-B9E3-2A16917B1C6E}"
EndProject
Project("{2150E333-8FDC-42A3-9474-1A3956D46DE8}") = "02-Worker Queue", "02-Worker Queue", "{283BD7CC-356F-4B64-A81B-98F724F8EAD4}"
EndProject
Project("{FAE04EC0-301F-11D3-BF4B-00C04F79EFBC}") = "WorkerConsumer", "WorkerConsumer\WorkerConsumer.csproj", "{F3D264EA-F708-477A-A05F-5E0E8F782685}"
EndProject
Project("{FAE04EC0-301F-11D3-BF4B-00C04F79EFBC}") = "WorkerProducer", "WorkerProducer\WorkerProducer.csproj", "{E083D4DD-9BD1-47F8-8866-52FFD174543F}"
EndProject
Global
	GlobalSection(SolutionConfigurationPlatforms) = preSolution
		Debug|Any CPU = Debug|Any CPU
		Release|Any CPU = Release|Any CPU
	EndGlobalSection
	GlobalSection(ProjectConfigurationPlatforms) = postSolution
		{7FE3DB48-6952-4C56-9526-6B204A5D0E32}.Debug|Any CPU.ActiveCfg = Debug|Any CPU
		{7FE3DB48-6952-4C56-9526-6B204A5D0E32}.Debug|Any CPU.Build.0 = Debug|Any CPU
		{7FE3DB48-6952-4C56-9526-6B204A5D0E32}.Release|Any CPU.ActiveCfg = Release|Any CPU
		{7FE3DB48-6952-4C56-9526-6B204A5D0E32}.Release|Any CPU.Build.0 = Release|Any CPU
		{86F4BF42-0303-4D71-B9E3-2A16917B1C6E}.Debug|Any CPU.ActiveCfg = Debug|Any CPU
		{86F4BF42-0303-4D71-B9E3-2A16917B1C6E}.Debug|Any CPU.Build.0 = Debug|Any CPU
		{86F4BF42-0303-4D71-B9E3-2A16917B1C6E}.Release|Any CPU.ActiveCfg = Release|Any CPU
		{86F4BF42-0303-4D71-B9E3-2A16917B1C6E}.Release|Any CPU.Build.0 = Release|Any CPU
		{F3D264EA-F708-477A-A05F-5E0E8F782685}.Debug|Any CPU.ActiveCfg = Debug|Any CPU
		{F3D264EA-F708-477A-A05F-5E0E8F782685}.Debug|Any CPU.Build.0 = Debug|Any CPU
		{F3D264EA-F708-477A-A05F-5E0E8F782685}.Release|Any CPU.ActiveCfg = Release|Any CPU
		{F3D264EA-F708-477A-A05F-5E0E8F782685}.Release|Any CPU.Build.0 = Release|Any CPU
		{E083D4DD-9BD1-47F8-8866-52FFD174543F}.Debug|Any CPU.ActiveCfg = Debug|Any CPU
		{E083D4DD-9BD1-47F8-8866-52FFD174543F}.Debug|Any CPU.Build.0 = Debug|Any CPU
		{E083D4DD-9BD1-47F8-8866-52FFD174543F}.Release|Any CPU.ActiveCfg = Release|Any CPU
		{E083D4DD-9BD1-47F8-8866-52FFD174543F}.Release|Any CPU.Build.0 = Release|Any CPU
	EndGlobalSection
	GlobalSection(SolutionProperties) = preSolution
		HideSolutionNode = FALSE
	EndGlobalSection
	GlobalSection(NestedProjects) = preSolution
		{86F4BF42-0303-4D71-B9E3-2A16917B1C6E} = {9B0460AD-3C98-44F1-8A07-F78E322C8704}
		{F3D264EA-F708-477A-A05F-5E0E8F782685} = {283BD7CC-356F-4B64-A81B-98F724F8EAD4}
		{E083D4DD-9BD1-47F8-8866-52FFD174543F} = {283BD7CC-356F-4B64-A81B-98F724F8EAD4}
	EndGlobalSection
EndGlobal
